{
  "requires": true,
  "lockfileVersion": 1,
  "dependencies": {
    "konva": {
      "version": "3.3.3",
      "resolved": "https://registry.npmjs.org/konva/-/konva-3.3.3.tgz",
      "integrity": "sha512-nDkFa7OVApCAohY30yoKpTMrYbbK8+p+wjYHkU+jrtKL3MhP5yCByNIrkyjca1EeP++K+2e6fslgU8kbeJNBxw=="
    },
    "vue-konva": {
      "version": "2.0.7",
      "resolved": "https://registry.npmjs.org/vue-konva/-/vue-konva-2.0.7.tgz",
      "integrity": "sha512-JTEMVN5Rn7nelUxjr0KwiNyOwZ/Ik7C8+fomT/bI3g48aFL2HXOy934g+6bqbnUICUVbwBTVeewqRj3PZsO4zg=="
    }
  }
}
